
Microsoft Visual Studio Solution File, Format Version 12.00
# Visual Studio Version 16
VisualStudioVersion = 16.0.30717.126
MinimumVisualStudioVersion = 10.0.40219.1
Project("{9A19103F-16F7-4668-BE54-9A1E7A4F7556}") = "Tools.Belt.Azure.DNS", "Tools.Belt.Azure.DNS\Tools.Belt.Azure.DNS.csproj", "{239E1CDE-B1AC-475D-8742-E4105093B052}"
EndProject
Project("{9A19103F-16F7-4668-BE54-9A1E7A4F7556}") = "Tools.Belt.Azure.ServiceBus.DNS", "Tools.Belt.Azure.ServiceBus.DNS\Tools.Belt.Azure.ServiceBus.DNS.csproj", "{B2DF7C89-C9E6-4999-B72F-48F885CD1FD3}"
EndProject
Project("{9A19103F-16F7-4668-BE54-9A1E7A4F7556}") = "Tools.Belt.Azure.Storage.DNS", "Tools.Belt.Azure.Storage.DNS\Tools.Belt.Azure.Storage.DNS.csproj", "{32434768-2970-4019-94C6-41069403D7BD}"
EndProject
Project("{9A19103F-16F7-4668-BE54-9A1E7A4F7556}") = "Tools.Belt.Common.DNS", "Tools.Belt.Common.DNS\Tools.Belt.Common.DNS.csproj", "{F072EBE5-E56A-4139-A1C7-62F89CD85F79}"
EndProject
Project("{9A19103F-16F7-4668-BE54-9A1E7A4F7556}") = "Tools.Belt.Common.Unit.Tests", "Tools.Belt.Common.Unit.Tests\Tools.Belt.Common.Unit.Tests.csproj", "{92CFE891-851C-4825-B0C2-BAAAFA0B9268}"
EndProject
Global
	GlobalSection(SolutionConfigurationPlatforms) = preSolution
		Debug|Any CPU = Debug|Any CPU
		Release|Any CPU = Release|Any CPU
	EndGlobalSection
	GlobalSection(ProjectConfigurationPlatforms) = postSolution
		{239E1CDE-B1AC-475D-8742-E4105093B052}.Debug|Any CPU.ActiveCfg = Debug|Any CPU
		{239E1CDE-B1AC-475D-8742-E4105093B052}.Debug|Any CPU.Build.0 = Debug|Any CPU
		{239E1CDE-B1AC-475D-8742-E4105093B052}.Release|Any CPU.ActiveCfg = Release|Any CPU
		{239E1CDE-B1AC-475D-8742-E4105093B052}.Release|Any CPU.Build.0 = Release|Any CPU
		{B2DF7C89-C9E6-4999-B72F-48F885CD1FD3}.Debug|Any CPU.ActiveCfg = Debug|Any CPU
		{B2DF7C89-C9E6-4999-B72F-48F885CD1FD3}.Debug|Any CPU.Build.0 = Debug|Any CPU
		{B2DF7C89-C9E6-4999-B72F-48F885CD1FD3}.Release|Any CPU.ActiveCfg = Release|Any CPU
		{B2DF7C89-C9E6-4999-B72F-48F885CD1FD3}.Release|Any CPU.Build.0 = Release|Any CPU
		{32434768-2970-4019-94C6-41069403D7BD}.Debug|Any CPU.ActiveCfg = Debug|Any CPU
		{32434768-2970-4019-94C6-41069403D7BD}.Debug|Any CPU.Build.0 = Debug|Any CPU
		{32434768-2970-4019-94C6-41069403D7BD}.Release|Any CPU.ActiveCfg = Release|Any CPU
		{32434768-2970-4019-94C6-41069403D7BD}.Release|Any CPU.Build.0 = Release|Any CPU
		{F072EBE5-E56A-4139-A1C7-62F89CD85F79}.Debug|Any CPU.ActiveCfg = Debug|Any CPU
		{F072EBE5-E56A-4139-A1C7-62F89CD85F79}.Debug|Any CPU.Build.0 = Debug|Any CPU
		{F072EBE5-E56A-4139-A1C7-62F89CD85F79}.Release|Any CPU.ActiveCfg = Release|Any CPU
		{F072EBE5-E56A-4139-A1C7-62F89CD85F79}.Release|Any CPU.Build.0 = Release|Any CPU
		{92CFE891-851C-4825-B0C2-BAAAFA0B9268}.Debug|Any CPU.ActiveCfg = Debug|Any CPU
		{92CFE891-851C-4825-B0C2-BAAAFA0B9268}.Debug|Any CPU.Build.0 = Debug|Any CPU
		{92CFE891-851C-4825-B0C2-BAAAFA0B9268}.Release|Any CPU.ActiveCfg = Release|Any CPU
		{92CFE891-851C-4825-B0C2-BAAAFA0B9268}.Release|Any CPU.Build.0 = Release|Any CPU
	EndGlobalSection
	GlobalSection(SolutionProperties) = preSolution
		HideSolutionNode = FALSE
	EndGlobalSection
	GlobalSection(ExtensibilityGlobals) = postSolution
		SolutionGuid = {45ED05BB-AB93-4F00-B4A4-6F6733F9D716}
	EndGlobalSection
EndGlobal
